
Microsoft Visual Studio Solution File, Format Version 12.00
# Visual Studio Version 16
VisualStudioVersion = 16.0.31729.503
MinimumVisualStudioVersion = 10.0.40219.1
Project("{FAE04EC0-301F-11D3-BF4B-00C04F79EFBC}") = "TPC-BarrientoL-PerezP", "TPC-BarrientoL-PerezP.csproj", "{DD02274A-74E1-4A02-991F-182ECEDC27CF}"
EndProject
Project("{FAE04EC0-301F-11D3-BF4B-00C04F79EFBC}") = "dominio", "..\dominio\dominio.csproj", "{E9308963-31A1-458F-B982-1519724F9DAC}"
EndProject
Project("{FAE04EC0-301F-11D3-BF4B-00C04F79EFBC}") = "datos", "..\datos\datos.csproj", "{C3362E74-E0B1-47C4-B5DE-008CD1ABCD79}"
EndProject
Global
	GlobalSection(SolutionConfigurationPlatforms) = preSolution
		Debug|Any CPU = Debug|Any CPU
		Release|Any CPU = Release|Any CPU
	EndGlobalSection
	GlobalSection(ProjectConfigurationPlatforms) = postSolution
		{DD02274A-74E1-4A02-991F-182ECEDC27CF}.Debug|Any CPU.ActiveCfg = Debug|Any CPU
		{DD02274A-74E1-4A02-991F-182ECEDC27CF}.Debug|Any CPU.Build.0 = Debug|Any CPU
		{DD02274A-74E1-4A02-991F-182ECEDC27CF}.Release|Any CPU.ActiveCfg = Release|Any CPU
		{DD02274A-74E1-4A02-991F-182ECEDC27CF}.Release|Any CPU.Build.0 = Release|Any CPU
		{E9308963-31A1-458F-B982-1519724F9DAC}.Debug|Any CPU.ActiveCfg = Debug|Any CPU
		{E9308963-31A1-458F-B982-1519724F9DAC}.Debug|Any CPU.Build.0 = Debug|Any CPU
		{E9308963-31A1-458F-B982-1519724F9DAC}.Release|Any CPU.ActiveCfg = Release|Any CPU
		{E9308963-31A1-458F-B982-1519724F9DAC}.Release|Any CPU.Build.0 = Release|Any CPU
		{C3362E74-E0B1-47C4-B5DE-008CD1ABCD79}.Debug|Any CPU.ActiveCfg = Debug|Any CPU
		{C3362E74-E0B1-47C4-B5DE-008CD1ABCD79}.Debug|Any CPU.Build.0 = Debug|Any CPU
		{C3362E74-E0B1-47C4-B5DE-008CD1ABCD79}.Release|Any CPU.ActiveCfg = Release|Any CPU
		{C3362E74-E0B1-47C4-B5DE-008CD1ABCD79}.Release|Any CPU.Build.0 = Release|Any CPU
	EndGlobalSection
	GlobalSection(SolutionProperties) = preSolution
		HideSolutionNode = FALSE
	EndGlobalSection
	GlobalSection(ExtensibilityGlobals) = postSolution
		SolutionGuid = {20EE05DA-5889-4DE3-A4A6-9C11E600D9F5}
	EndGlobalSection
EndGlobal
